
Microsoft Visual Studio Solution File, Format Version 12.00
# Visual Studio 14
VisualStudioVersion = 14.0.25420.1
MinimumVisualStudioVersion = 10.0.40219.1
Project("{FAE04EC0-301F-11D3-BF4B-00C04F79EFBC}") = "Funcionario.Entities", "Funcionario.Entities\Funcionario.Entities.csproj", "{78E7340B-ECE9-469E-B97C-805AC6C85B30}"
EndProject
Project("{FAE04EC0-301F-11D3-BF4B-00C04F79EFBC}") = "Funcionarios.Data", "Funcionarios.Data\Funcionarios.Data.csproj", "{ED90C013-DE03-4B68-B42D-258F596E3F25}"
EndProject
Project("{FAE04EC0-301F-11D3-BF4B-00C04F79EFBC}") = "Funcionarios.Service", "Funcionarios.Service\Funcionarios.Service.csproj", "{EE0721CD-99E3-4401-998E-50A57FFEF4B6}"
EndProject
Project("{FAE04EC0-301F-11D3-BF4B-00C04F79EFBC}") = "Funcionarios.WebApi", "Funcionarios.WebApi\Funcionarios.WebApi.csproj", "{53A7E520-ABCF-4D53-AA8A-22A6832D8B2F}"
EndProject
Global
	GlobalSection(SolutionConfigurationPlatforms) = preSolution
		Debug|Any CPU = Debug|Any CPU
		Release|Any CPU = Release|Any CPU
	EndGlobalSection
	GlobalSection(ProjectConfigurationPlatforms) = postSolution
		{78E7340B-ECE9-469E-B97C-805AC6C85B30}.Debug|Any CPU.ActiveCfg = Debug|Any CPU
		{78E7340B-ECE9-469E-B97C-805AC6C85B30}.Debug|Any CPU.Build.0 = Debug|Any CPU
		{78E7340B-ECE9-469E-B97C-805AC6C85B30}.Release|Any CPU.ActiveCfg = Release|Any CPU
		{78E7340B-ECE9-469E-B97C-805AC6C85B30}.Release|Any CPU.Build.0 = Release|Any CPU
		{ED90C013-DE03-4B68-B42D-258F596E3F25}.Debug|Any CPU.ActiveCfg = Debug|Any CPU
		{ED90C013-DE03-4B68-B42D-258F596E3F25}.Debug|Any CPU.Build.0 = Debug|Any CPU
		{ED90C013-DE03-4B68-B42D-258F596E3F25}.Release|Any CPU.ActiveCfg = Release|Any CPU
		{ED90C013-DE03-4B68-B42D-258F596E3F25}.Release|Any CPU.Build.0 = Release|Any CPU
		{EE0721CD-99E3-4401-998E-50A57FFEF4B6}.Debug|Any CPU.ActiveCfg = Debug|Any CPU
		{EE0721CD-99E3-4401-998E-50A57FFEF4B6}.Debug|Any CPU.Build.0 = Debug|Any CPU
		{EE0721CD-99E3-4401-998E-50A57FFEF4B6}.Release|Any CPU.ActiveCfg = Release|Any CPU
		{EE0721CD-99E3-4401-998E-50A57FFEF4B6}.Release|Any CPU.Build.0 = Release|Any CPU
		{53A7E520-ABCF-4D53-AA8A-22A6832D8B2F}.Debug|Any CPU.ActiveCfg = Debug|Any CPU
		{53A7E520-ABCF-4D53-AA8A-22A6832D8B2F}.Debug|Any CPU.Build.0 = Debug|Any CPU
		{53A7E520-ABCF-4D53-AA8A-22A6832D8B2F}.Release|Any CPU.ActiveCfg = Release|Any CPU
		{53A7E520-ABCF-4D53-AA8A-22A6832D8B2F}.Release|Any CPU.Build.0 = Release|Any CPU
	EndGlobalSection
	GlobalSection(SolutionProperties) = preSolution
		HideSolutionNode = FALSE
	EndGlobalSection
EndGlobal
